
Microsoft Visual Studio Solution File, Format Version 12.00
# Visual Studio Version 16
VisualStudioVersion = 16.0.31702.278
MinimumVisualStudioVersion = 10.0.40219.1
Project("{FAE04EC0-301F-11D3-BF4B-00C04F79EFBC}") = "PintxoApp.Android", "PintxoApp\PintxoApp.Android\PintxoApp.Android.csproj", "{647B89D8-F02E-4993-9EF3-EEF77B1D37F9}"
EndProject
Project("{FAE04EC0-301F-11D3-BF4B-00C04F79EFBC}") = "PintxoApp", "PintxoApp\PintxoApp\PintxoApp.csproj", "{13D595D0-F573-4608-8C5B-4A527A505FC2}"
EndProject
Global
	GlobalSection(SolutionConfigurationPlatforms) = preSolution
		Debug|Any CPU = Debug|Any CPU
		Release|Any CPU = Release|Any CPU
	EndGlobalSection
	GlobalSection(ProjectConfigurationPlatforms) = postSolution
		{647B89D8-F02E-4993-9EF3-EEF77B1D37F9}.Debug|Any CPU.ActiveCfg = Debug|Any CPU
		{647B89D8-F02E-4993-9EF3-EEF77B1D37F9}.Debug|Any CPU.Build.0 = Debug|Any CPU
		{647B89D8-F02E-4993-9EF3-EEF77B1D37F9}.Debug|Any CPU.Deploy.0 = Debug|Any CPU
		{647B89D8-F02E-4993-9EF3-EEF77B1D37F9}.Release|Any CPU.ActiveCfg = Release|Any CPU
		{647B89D8-F02E-4993-9EF3-EEF77B1D37F9}.Release|Any CPU.Build.0 = Release|Any CPU
		{647B89D8-F02E-4993-9EF3-EEF77B1D37F9}.Release|Any CPU.Deploy.0 = Release|Any CPU
		{13D595D0-F573-4608-8C5B-4A527A505FC2}.Debug|Any CPU.ActiveCfg = Debug|Any CPU
		{13D595D0-F573-4608-8C5B-4A527A505FC2}.Debug|Any CPU.Build.0 = Debug|Any CPU
		{13D595D0-F573-4608-8C5B-4A527A505FC2}.Debug|Any CPU.Deploy.0 = Debug|Any CPU
		{13D595D0-F573-4608-8C5B-4A527A505FC2}.Release|Any CPU.ActiveCfg = Release|Any CPU
		{13D595D0-F573-4608-8C5B-4A527A505FC2}.Release|Any CPU.Build.0 = Release|Any CPU
		{13D595D0-F573-4608-8C5B-4A527A505FC2}.Release|Any CPU.Deploy.0 = Release|Any CPU
	EndGlobalSection
	GlobalSection(SolutionProperties) = preSolution
		HideSolutionNode = FALSE
	EndGlobalSection
	GlobalSection(ExtensibilityGlobals) = postSolution
		SolutionGuid = {DB5B2C48-E4D6-4759-9CF0-48B3C7AF3DD9}
	EndGlobalSection
EndGlobal
